
Microsoft Visual Studio Solution File, Format Version 12.00
# Visual Studio 15
VisualStudioVersion = 15.0.26730.16
MinimumVisualStudioVersion = 10.0.40219.1
Project("{FAE04EC0-301F-11D3-BF4B-00C04F79EFBC}") = "Snake", "Snake\Snake.csproj", "{A8D882BF-6A1C-4BBC-9C37-75000E23A50A}"
EndProject
Global
	GlobalSection(SolutionConfigurationPlatforms) = preSolution
		Debug|Any CPU = Debug|Any CPU
		Release|Any CPU = Release|Any CPU
	EndGlobalSection
	GlobalSection(ProjectConfigurationPlatforms) = postSolution
		{A8D882BF-6A1C-4BBC-9C37-75000E23A50A}.Debug|Any CPU.ActiveCfg = Debug|Any CPU
		{A8D882BF-6A1C-4BBC-9C37-75000E23A50A}.Debug|Any CPU.Build.0 = Debug|Any CPU
		{A8D882BF-6A1C-4BBC-9C37-75000E23A50A}.Release|Any CPU.ActiveCfg = Release|Any CPU
		{A8D882BF-6A1C-4BBC-9C37-75000E23A50A}.Release|Any CPU.Build.0 = Release|Any CPU
	EndGlobalSection
	GlobalSection(SolutionProperties) = preSolution
		HideSolutionNode = FALSE
	EndGlobalSection
	GlobalSection(ExtensibilityGlobals) = postSolution
		SolutionGuid = {BCCBA7DF-51DE-48EB-B956-AEC1857C17B5}
	EndGlobalSection
EndGlobal
