
Microsoft Visual Studio Solution File, Format Version 12.00
# Visual Studio 15
VisualStudioVersion = 15.0.26730.16
MinimumVisualStudioVersion = 10.0.40219.1
Project("{FAE04EC0-301F-11D3-BF4B-00C04F79EFBC}") = "Snake", "Snake\Snake.csproj", "{1853267D-1FBA-49B4-88B6-423D485A1F6D}"
EndProject
Global
	GlobalSection(SolutionConfigurationPlatforms) = preSolution
		Debug|Any CPU = Debug|Any CPU
		Release|Any CPU = Release|Any CPU
	EndGlobalSection
	GlobalSection(ProjectConfigurationPlatforms) = postSolution
		{1853267D-1FBA-49B4-88B6-423D485A1F6D}.Debug|Any CPU.ActiveCfg = Debug|Any CPU
		{1853267D-1FBA-49B4-88B6-423D485A1F6D}.Debug|Any CPU.Build.0 = Debug|Any CPU
		{1853267D-1FBA-49B4-88B6-423D485A1F6D}.Release|Any CPU.ActiveCfg = Release|Any CPU
		{1853267D-1FBA-49B4-88B6-423D485A1F6D}.Release|Any CPU.Build.0 = Release|Any CPU
	EndGlobalSection
	GlobalSection(SolutionProperties) = preSolution
		HideSolutionNode = FALSE
	EndGlobalSection
	GlobalSection(ExtensibilityGlobals) = postSolution
		SolutionGuid = {0E4F3700-81FD-4E50-A0CE-0754816189FC}
	EndGlobalSection
EndGlobal
